{
    "name": "ton-node-se-setup",
    "version": "1.0.0",
    "lockfileVersion": 2,
    "requires": true,
    "packages": {
        "": {
            "name": "ton-node-se-setup",
            "version": "1.0.0",
            "license": "Apache-2.0",
            "dependencies": {
                "adm-zip": "^0.5.3"
            }
        },
        "node_modules/adm-zip": {
            "version": "0.5.3",
            "resolved": "https://registry.npmjs.org/adm-zip/-/adm-zip-0.5.3.tgz",
            "integrity": "sha512-zsoTXEwRNCxBzRHLENFLuecCcwzzXiEhWo1r3GP68iwi8Q/hW2RrqgeY1nfJ/AhNQNWnZq/4v0TbfMsUkI+TYw==",
            "engines": {
                "node": ">=6.0"
            }
        }
    },
    "dependencies": {
        "adm-zip": {
            "version": "0.5.3",
            "resolved": "https://registry.npmjs.org/adm-zip/-/adm-zip-0.5.3.tgz",
            "integrity": "sha512-zsoTXEwRNCxBzRHLENFLuecCcwzzXiEhWo1r3GP68iwi8Q/hW2RrqgeY1nfJ/AhNQNWnZq/4v0TbfMsUkI+TYw=="
        }
    }
}
